
Microsoft Visual Studio Solution File, Format Version 12.00
# Visual Studio Version 17
VisualStudioVersion = 17.5.33516.290
MinimumVisualStudioVersion = 10.0.40219.1
Project("{FAE04EC0-301F-11D3-BF4B-00C04F79EFBC}") = "uid_project", "uid_project\uid_project.csproj", "{53B06B4E-AF18-43E0-B70B-D44FB7FBE664}"
EndProject
Global
	GlobalSection(SolutionConfigurationPlatforms) = preSolution
		Debug|Any CPU = Debug|Any CPU
		Release|Any CPU = Release|Any CPU
	EndGlobalSection
	GlobalSection(ProjectConfigurationPlatforms) = postSolution
		{53B06B4E-AF18-43E0-B70B-D44FB7FBE664}.Debug|Any CPU.ActiveCfg = Debug|Any CPU
		{53B06B4E-AF18-43E0-B70B-D44FB7FBE664}.Debug|Any CPU.Build.0 = Debug|Any CPU
		{53B06B4E-AF18-43E0-B70B-D44FB7FBE664}.Release|Any CPU.ActiveCfg = Release|Any CPU
		{53B06B4E-AF18-43E0-B70B-D44FB7FBE664}.Release|Any CPU.Build.0 = Release|Any CPU
	EndGlobalSection
	GlobalSection(SolutionProperties) = preSolution
		HideSolutionNode = FALSE
	EndGlobalSection
	GlobalSection(ExtensibilityGlobals) = postSolution
		SolutionGuid = {8FF6556D-F226-43EB-919C-95A2755AC108}
	EndGlobalSection
EndGlobal
